
Microsoft Visual Studio Solution File, Format Version 12.00
# Visual Studio Version 16
VisualStudioVersion = 16.0.32929.386
MinimumVisualStudioVersion = 10.0.40219.1
Project("{FAE04EC0-301F-11D3-BF4B-00C04F79EFBC}") = "Symmetric", "Symmetric\Symmetric.csproj", "{559E3C0E-5231-41CB-8584-9E702B12E440}"
EndProject
Global
	GlobalSection(SolutionConfigurationPlatforms) = preSolution
		Debug|Any CPU = Debug|Any CPU
		Release|Any CPU = Release|Any CPU
	EndGlobalSection
	GlobalSection(ProjectConfigurationPlatforms) = postSolution
		{559E3C0E-5231-41CB-8584-9E702B12E440}.Debug|Any CPU.ActiveCfg = Debug|Any CPU
		{559E3C0E-5231-41CB-8584-9E702B12E440}.Debug|Any CPU.Build.0 = Debug|Any CPU
		{559E3C0E-5231-41CB-8584-9E702B12E440}.Release|Any CPU.ActiveCfg = Release|Any CPU
		{559E3C0E-5231-41CB-8584-9E702B12E440}.Release|Any CPU.Build.0 = Release|Any CPU
	EndGlobalSection
	GlobalSection(SolutionProperties) = preSolution
		HideSolutionNode = FALSE
	EndGlobalSection
	GlobalSection(ExtensibilityGlobals) = postSolution
		SolutionGuid = {736254DC-4AFE-4412-8F89-B1E707178B58}
	EndGlobalSection
EndGlobal
